
Microsoft Visual Studio Solution File, Format Version 12.00
# Visual Studio Version 16
VisualStudioVersion = 16.0.29418.71
MinimumVisualStudioVersion = 10.0.40219.1
Project("{FAE04EC0-301F-11D3-BF4B-00C04F79EFBC}") = "Computer Info", "Computer Info.csproj", "{2B4C9F51-7AB5-4973-A8F8-B29531E9DE19}"
EndProject
Global
	GlobalSection(SolutionConfigurationPlatforms) = preSolution
		Debug|Any CPU = Debug|Any CPU
		Release|Any CPU = Release|Any CPU
	EndGlobalSection
	GlobalSection(ProjectConfigurationPlatforms) = postSolution
		{2B4C9F51-7AB5-4973-A8F8-B29531E9DE19}.Debug|Any CPU.ActiveCfg = Debug|Any CPU
		{2B4C9F51-7AB5-4973-A8F8-B29531E9DE19}.Debug|Any CPU.Build.0 = Debug|Any CPU
		{2B4C9F51-7AB5-4973-A8F8-B29531E9DE19}.Release|Any CPU.ActiveCfg = Release|Any CPU
		{2B4C9F51-7AB5-4973-A8F8-B29531E9DE19}.Release|Any CPU.Build.0 = Release|Any CPU
	EndGlobalSection
	GlobalSection(SolutionProperties) = preSolution
		HideSolutionNode = FALSE
	EndGlobalSection
	GlobalSection(ExtensibilityGlobals) = postSolution
		SolutionGuid = {3834611D-88FD-4D48-B124-B86FB59A315F}
	EndGlobalSection
EndGlobal
